
Microsoft Visual Studio Solution File, Format Version 12.00
# Visual Studio Version 17
VisualStudioVersion = 17.8.34511.84
MinimumVisualStudioVersion = 10.0.40219.1
Project("{9A19103F-16F7-4668-BE54-9A1E7A4F7556}") = "UI", "UI\UI.csproj", "{9068F2F0-3230-43DE-8465-CBF8DB24C94D}"
	ProjectSection(ProjectDependencies) = postProject
		{A5F085E1-FB3C-4F14-B4F4-FC30AA0017EE} = {A5F085E1-FB3C-4F14-B4F4-FC30AA0017EE}
	EndProjectSection
EndProject
Project("{9A19103F-16F7-4668-BE54-9A1E7A4F7556}") = "MainModule", "MainModule\MainModule.csproj", "{787DF0D5-4DB6-49EB-BC12-DD6F1C9DB259}"
EndProject
Project("{9A19103F-16F7-4668-BE54-9A1E7A4F7556}") = "MainModule.Tests", "MainModule.Tests\MainModule.Tests.csproj", "{F39F9988-6200-45BF-8C35-8197E2355CAD}"
EndProject
Project("{9A19103F-16F7-4668-BE54-9A1E7A4F7556}") = "API", "API\API.csproj", "{A5F085E1-FB3C-4F14-B4F4-FC30AA0017EE}"
EndProject
Global
	GlobalSection(SolutionConfigurationPlatforms) = preSolution
		Debug|Any CPU = Debug|Any CPU
		Release|Any CPU = Release|Any CPU
	EndGlobalSection
	GlobalSection(ProjectConfigurationPlatforms) = postSolution
		{9068F2F0-3230-43DE-8465-CBF8DB24C94D}.Debug|Any CPU.ActiveCfg = Debug|Any CPU
		{9068F2F0-3230-43DE-8465-CBF8DB24C94D}.Debug|Any CPU.Build.0 = Debug|Any CPU
		{9068F2F0-3230-43DE-8465-CBF8DB24C94D}.Release|Any CPU.ActiveCfg = Release|Any CPU
		{9068F2F0-3230-43DE-8465-CBF8DB24C94D}.Release|Any CPU.Build.0 = Release|Any CPU
		{787DF0D5-4DB6-49EB-BC12-DD6F1C9DB259}.Debug|Any CPU.ActiveCfg = Debug|Any CPU
		{787DF0D5-4DB6-49EB-BC12-DD6F1C9DB259}.Debug|Any CPU.Build.0 = Debug|Any CPU
		{787DF0D5-4DB6-49EB-BC12-DD6F1C9DB259}.Release|Any CPU.ActiveCfg = Release|Any CPU
		{787DF0D5-4DB6-49EB-BC12-DD6F1C9DB259}.Release|Any CPU.Build.0 = Release|Any CPU
		{F39F9988-6200-45BF-8C35-8197E2355CAD}.Debug|Any CPU.ActiveCfg = Debug|Any CPU
		{F39F9988-6200-45BF-8C35-8197E2355CAD}.Debug|Any CPU.Build.0 = Debug|Any CPU
		{F39F9988-6200-45BF-8C35-8197E2355CAD}.Release|Any CPU.ActiveCfg = Release|Any CPU
		{F39F9988-6200-45BF-8C35-8197E2355CAD}.Release|Any CPU.Build.0 = Release|Any CPU
		{A5F085E1-FB3C-4F14-B4F4-FC30AA0017EE}.Debug|Any CPU.ActiveCfg = Debug|Any CPU
		{A5F085E1-FB3C-4F14-B4F4-FC30AA0017EE}.Debug|Any CPU.Build.0 = Debug|Any CPU
		{A5F085E1-FB3C-4F14-B4F4-FC30AA0017EE}.Release|Any CPU.ActiveCfg = Release|Any CPU
		{A5F085E1-FB3C-4F14-B4F4-FC30AA0017EE}.Release|Any CPU.Build.0 = Release|Any CPU
	EndGlobalSection
	GlobalSection(SolutionProperties) = preSolution
		HideSolutionNode = FALSE
	EndGlobalSection
	GlobalSection(ExtensibilityGlobals) = postSolution
		SolutionGuid = {238BF233-9599-481A-BADB-84D47608BFCC}
	EndGlobalSection
EndGlobal
