
Microsoft Visual Studio Solution File, Format Version 12.00
# Visual Studio Version 17
VisualStudioVersion = 17.8.34511.84
MinimumVisualStudioVersion = 10.0.40219.1
Project("{FAE04EC0-301F-11D3-BF4B-00C04F79EFBC}") = "UI", "UI\UI.csproj", "{9068F2F0-3230-43DE-8465-CBF8DB24C94D}"
EndProject
Project("{FAE04EC0-301F-11D3-BF4B-00C04F79EFBC}") = "MainModule", "MainModule\MainModule.csproj", "{787DF0D5-4DB6-49EB-BC12-DD6F1C9DB259}"
EndProject
Global
	GlobalSection(SolutionConfigurationPlatforms) = preSolution
		Debug|Any CPU = Debug|Any CPU
		Release|Any CPU = Release|Any CPU
	EndGlobalSection
	GlobalSection(ProjectConfigurationPlatforms) = postSolution
		{9068F2F0-3230-43DE-8465-CBF8DB24C94D}.Debug|Any CPU.ActiveCfg = Debug|Any CPU
		{9068F2F0-3230-43DE-8465-CBF8DB24C94D}.Debug|Any CPU.Build.0 = Debug|Any CPU
		{9068F2F0-3230-43DE-8465-CBF8DB24C94D}.Release|Any CPU.ActiveCfg = Release|Any CPU
		{9068F2F0-3230-43DE-8465-CBF8DB24C94D}.Release|Any CPU.Build.0 = Release|Any CPU
		{787DF0D5-4DB6-49EB-BC12-DD6F1C9DB259}.Debug|Any CPU.ActiveCfg = Debug|Any CPU
		{787DF0D5-4DB6-49EB-BC12-DD6F1C9DB259}.Debug|Any CPU.Build.0 = Debug|Any CPU
		{787DF0D5-4DB6-49EB-BC12-DD6F1C9DB259}.Release|Any CPU.ActiveCfg = Release|Any CPU
		{787DF0D5-4DB6-49EB-BC12-DD6F1C9DB259}.Release|Any CPU.Build.0 = Release|Any CPU
	EndGlobalSection
	GlobalSection(SolutionProperties) = preSolution
		HideSolutionNode = FALSE
	EndGlobalSection
	GlobalSection(ExtensibilityGlobals) = postSolution
		SolutionGuid = {238BF233-9599-481A-BADB-84D47608BFCC}
	EndGlobalSection
EndGlobal
